
Microsoft Visual Studio Solution File, Format Version 12.00
# Visual Studio Version 17
VisualStudioVersion = 17.9.34607.119
MinimumVisualStudioVersion = 10.0.40219.1
Project("{2150E333-8FDC-42A3-9474-1A3956D46DE8}") = "FrontEnd", "FrontEnd", "{F90EDB72-35EA-4387-B44E-530A78963533}"
EndProject
Project("{2150E333-8FDC-42A3-9474-1A3956D46DE8}") = "Gateway", "Gateway", "{819DFDFD-D792-4A0F-A604-C184A1F9355B}"
EndProject
Project("{2150E333-8FDC-42A3-9474-1A3956D46DE8}") = "Services", "Services", "{E6203587-D648-46B6-BDF1-2161D3261B61}"
EndProject
Project("{9A19103F-16F7-4668-BE54-9A1E7A4F7556}") = "Mango.Services.CouponAPI", "Mango.Services.Mango.CouponAPI\Mango.Services.CouponAPI.csproj", "{2EBF08D9-071A-4257-A45D-ACD7FB781EDF}"
EndProject
Global
	GlobalSection(SolutionConfigurationPlatforms) = preSolution
		Debug|Any CPU = Debug|Any CPU
		Release|Any CPU = Release|Any CPU
	EndGlobalSection
	GlobalSection(ProjectConfigurationPlatforms) = postSolution
		{2EBF08D9-071A-4257-A45D-ACD7FB781EDF}.Debug|Any CPU.ActiveCfg = Debug|Any CPU
		{2EBF08D9-071A-4257-A45D-ACD7FB781EDF}.Debug|Any CPU.Build.0 = Debug|Any CPU
		{2EBF08D9-071A-4257-A45D-ACD7FB781EDF}.Release|Any CPU.ActiveCfg = Release|Any CPU
		{2EBF08D9-071A-4257-A45D-ACD7FB781EDF}.Release|Any CPU.Build.0 = Release|Any CPU
	EndGlobalSection
	GlobalSection(SolutionProperties) = preSolution
		HideSolutionNode = FALSE
	EndGlobalSection
	GlobalSection(NestedProjects) = preSolution
		{2EBF08D9-071A-4257-A45D-ACD7FB781EDF} = {E6203587-D648-46B6-BDF1-2161D3261B61}
	EndGlobalSection
	GlobalSection(ExtensibilityGlobals) = postSolution
		SolutionGuid = {233FCD20-92D8-4784-8D09-592956F87C24}
	EndGlobalSection
EndGlobal
